# This file is generated by running "yarn install" inside your project.
# Manual changes might be lost - proceed with caution!

__metadata:
  version: 8
  cacheKey: 10c0

"acake2php@workspace:.":
  version: 0.0.0-use.local
  resolution: "acake2php@workspace:."
  dependencies:
    balena-cloud-apps: "npm:^1.1.0"
  languageName: unknown
  linkType: soft

"balena-cloud-apps@npm:^1.1.0":
  version: 1.1.0
  resolution: "balena-cloud-apps@npm:1.1.0"
  bin:
    auto_reboot: vendor/cni/auto_reboot.sh
    balena_deploy: vendor/cni/balena_deploy.sh
    clone_project: vendor/cni/clone_project.sh
    docker_build: vendor/cni/docker_build.sh
    git_fix_issue: vendor/cni/git_fix_issue.sh
    git_fix_issue_close: vendor/cni/git_fix_issue_close.sh
    git_retag: vendor/cni/git_retag.sh
    init_functions: vendor/cni/init_functions.sh
    post_install: vendor/cni/post_install.sh
    update_templates: vendor/cni/update_templates.sh
  checksum: 10c0/eb86d61b80bdc1fa541f139404b6c875239877092c9fe32ccf9365fec5dbcb64090cfdeacbe6eb11d4995a3f4f0a5edda3aea091007438e93d33f4998c287e60
  languageName: node
  linkType: hard
