# This file is generated by running "yarn install" inside your project.
# Manual changes might be lost - proceed with caution!

__metadata:
  version: 8
  cacheKey: 10c0

"acake2php@workspace:.":
  version: 0.0.0-use.local
  resolution: "acake2php@workspace:."
  dependencies:
    balena-cloud-apps: "npm:^1.2.2"
  languageName: unknown
  linkType: soft

"balena-cloud-apps@npm:^1.2.2":
  version: 1.2.2
  resolution: "balena-cloud-apps@npm:1.2.2"
  bin:
    auto_reboot: vendor/cni/auto_reboot.sh
    balena_deploy: vendor/cni/balena_deploy.sh
    balena_secrets: vendor/cni/balena_secrets.sh
    clone_project: vendor/cni/clone_project.sh
    docker_build: vendor/cni/docker_build.sh
    git_fix_issue: vendor/cni/git_fix_issue.sh
    git_fix_issue_close: vendor/cni/git_fix_issue_close.sh
    git_retag: vendor/cni/git_retag.sh
    init_functions: vendor/cni/init_functions.sh
    post_install: vendor/cni/post_install.sh
    update_templates: vendor/cni/update_templates.sh
  checksum: 10c0/b827583779002aef49adf6aef607bf79d296dde14bd732e1ce0ff61da598e9ea828ba94c224365779a2eb4a5db7234efcdd9ae5134ab4089d6d2fa25f28f9764
  languageName: node
  linkType: hard
