# This file is generated by running "yarn install" inside your project.
# Manual changes might be lost - proceed with caution!

__metadata:
  version: 8
  cacheKey: 10c0

"balanced-match@npm:^1.0.0":
  version: 1.0.2
  resolution: "balanced-match@npm:1.0.2"
  checksum: 10c0/9308baf0a7e4838a82bbfd11e01b1cb0f0cf2893bc1676c27c2a8c0e70cbae1c59120c3268517a8ae7fb6376b4639ef81ca22582611dbee4ed28df945134aaee
  languageName: node
  linkType: hard

"balena-cloud-apps@npm:1.0.47":
  version: 1.0.47
  resolution: "balena-cloud-apps@npm:1.0.47"
  dependencies:
    shelljs: "npm:^0.8.4"
  bin:
    auto_reboot: vendor/cni/auto_reboot.sh
    balena_deploy: vendor/cni/balena_deploy.sh
    clone_project: vendor/cni/clone_project.sh
    docker_build: vendor/cni/docker_build.sh
    git_fix_issue: vendor/cni/git_fix_issue.sh
    git_fix_issue_close: vendor/cni/git_fix_issue_close.sh
    git_retag: vendor/cni/git_retag.sh
    init_functions: vendor/cni/init_functions.sh
    post_install: vendor/cni/post_install.sh
    update_templates: vendor/cni/update_templates.sh
  checksum: 10c0/96e587b670baeecdc53b248d8bdb55a25966248abd95d762bf95e002b7e5240dcc9d0ae0a07e551b7580f990fcdcb9bf4de58718534a45545824839cb109779b
  languageName: node
  linkType: hard

"brace-expansion@npm:^1.1.7":
  version: 1.1.11
  resolution: "brace-expansion@npm:1.1.11"
  dependencies:
    balanced-match: "npm:^1.0.0"
    concat-map: "npm:0.0.1"
  checksum: 10c0/695a56cd058096a7cb71fb09d9d6a7070113c7be516699ed361317aca2ec169f618e28b8af352e02ab4233fb54eb0168460a40dc320bab0034b36ab59aaad668
  languageName: node
  linkType: hard

"concat-map@npm:0.0.1":
  version: 0.0.1
  resolution: "concat-map@npm:0.0.1"
  checksum: 10c0/c996b1cfdf95b6c90fee4dae37e332c8b6eb7d106430c17d538034c0ad9a1630cb194d2ab37293b1bdd4d779494beee7786d586a50bd9376fd6f7bcc2bd4c98f
  languageName: node
  linkType: hard

"fs.realpath@npm:^1.0.0":
  version: 1.0.0
  resolution: "fs.realpath@npm:1.0.0"
  checksum: 10c0/444cf1291d997165dfd4c0d58b69f0e4782bfd9149fd72faa4fe299e68e0e93d6db941660b37dd29153bf7186672ececa3b50b7e7249477b03fdf850f287c948
  languageName: node
  linkType: hard

"function-bind@npm:^1.1.2":
  version: 1.1.2
  resolution: "function-bind@npm:1.1.2"
  checksum: 10c0/d8680ee1e5fcd4c197e4ac33b2b4dce03c71f4d91717292785703db200f5c21f977c568d28061226f9b5900cbcd2c84463646134fd5337e7925e0942bc3f46d5
  languageName: node
  linkType: hard

"glob@npm:^7.0.0":
  version: 7.2.3
  resolution: "glob@npm:7.2.3"
  dependencies:
    fs.realpath: "npm:^1.0.0"
    inflight: "npm:^1.0.4"
    inherits: "npm:2"
    minimatch: "npm:^3.1.1"
    once: "npm:^1.3.0"
    path-is-absolute: "npm:^1.0.0"
  checksum: 10c0/65676153e2b0c9095100fe7f25a778bf45608eeb32c6048cf307f579649bcc30353277b3b898a3792602c65764e5baa4f643714dfbdfd64ea271d210c7a425fe
  languageName: node
  linkType: hard

"hasown@npm:^2.0.2":
  version: 2.0.2
  resolution: "hasown@npm:2.0.2"
  dependencies:
    function-bind: "npm:^1.1.2"
  checksum: 10c0/3769d434703b8ac66b209a4cca0737519925bbdb61dd887f93a16372b14694c63ff4e797686d87c90f08168e81082248b9b028bad60d4da9e0d1148766f56eb9
  languageName: node
  linkType: hard

"inflight@npm:^1.0.4":
  version: 1.0.6
  resolution: "inflight@npm:1.0.6"
  dependencies:
    once: "npm:^1.3.0"
    wrappy: "npm:1"
  checksum: 10c0/7faca22584600a9dc5b9fca2cd5feb7135ac8c935449837b315676b4c90aa4f391ec4f42240178244b5a34e8bede1948627fda392ca3191522fc46b34e985ab2
  languageName: node
  linkType: hard

"inherits@npm:2":
  version: 2.0.4
  resolution: "inherits@npm:2.0.4"
  checksum: 10c0/4e531f648b29039fb7426fb94075e6545faa1eb9fe83c29f0b6d9e7263aceb4289d2d4557db0d428188eeb449cc7c5e77b0a0b2c4e248ff2a65933a0dee49ef2
  languageName: node
  linkType: hard

"interpret@npm:^1.0.0":
  version: 1.4.0
  resolution: "interpret@npm:1.4.0"
  checksum: 10c0/08c5ad30032edeec638485bc3f6db7d0094d9b3e85e0f950866600af3c52e9fd69715416d29564731c479d9f4d43ff3e4d302a178196bdc0e6837ec147640450
  languageName: node
  linkType: hard

"is-core-module@npm:^2.16.0":
  version: 2.16.1
  resolution: "is-core-module@npm:2.16.1"
  dependencies:
    hasown: "npm:^2.0.2"
  checksum: 10c0/898443c14780a577e807618aaae2b6f745c8538eca5c7bc11388a3f2dc6de82b9902bcc7eb74f07be672b11bbe82dd6a6edded44a00cb3d8f933d0459905eedd
  languageName: node
  linkType: hard

"minimatch@npm:^3.1.1":
  version: 3.1.2
  resolution: "minimatch@npm:3.1.2"
  dependencies:
    brace-expansion: "npm:^1.1.7"
  checksum: 10c0/0262810a8fc2e72cca45d6fd86bd349eee435eb95ac6aa45c9ea2180e7ee875ef44c32b55b5973ceabe95ea12682f6e3725cbb63d7a2d1da3ae1163c8b210311
  languageName: node
  linkType: hard

"myphpcms@workspace:.":
  version: 0.0.0-use.local
  resolution: "myphpcms@workspace:."
  dependencies:
    balena-cloud-apps: "npm:1.0.47"
  languageName: unknown
  linkType: soft

"once@npm:^1.3.0":
  version: 1.4.0
  resolution: "once@npm:1.4.0"
  dependencies:
    wrappy: "npm:1"
  checksum: 10c0/5d48aca287dfefabd756621c5dfce5c91a549a93e9fdb7b8246bc4c4790aa2ec17b34a260530474635147aeb631a2dcc8b32c613df0675f96041cbb8244517d0
  languageName: node
  linkType: hard

"path-is-absolute@npm:^1.0.0":
  version: 1.0.1
  resolution: "path-is-absolute@npm:1.0.1"
  checksum: 10c0/127da03c82172a2a50099cddbf02510c1791fc2cc5f7713ddb613a56838db1e8168b121a920079d052e0936c23005562059756d653b7c544c53185efe53be078
  languageName: node
  linkType: hard

"path-parse@npm:^1.0.7":
  version: 1.0.7
  resolution: "path-parse@npm:1.0.7"
  checksum: 10c0/11ce261f9d294cc7a58d6a574b7f1b935842355ec66fba3c3fd79e0f036462eaf07d0aa95bb74ff432f9afef97ce1926c720988c6a7451d8a584930ae7de86e1
  languageName: node
  linkType: hard

"rechoir@npm:^0.6.2":
  version: 0.6.2
  resolution: "rechoir@npm:0.6.2"
  dependencies:
    resolve: "npm:^1.1.6"
  checksum: 10c0/22c4bb32f4934a9468468b608417194f7e3ceba9a508512125b16082c64f161915a28467562368eeb15dc16058eb5b7c13a20b9eb29ff9927d1ebb3b5aa83e84
  languageName: node
  linkType: hard

"resolve@npm:^1.1.6":
  version: 1.22.10
  resolution: "resolve@npm:1.22.10"
  dependencies:
    is-core-module: "npm:^2.16.0"
    path-parse: "npm:^1.0.7"
    supports-preserve-symlinks-flag: "npm:^1.0.0"
  bin:
    resolve: bin/resolve
  checksum: 10c0/8967e1f4e2cc40f79b7e080b4582b9a8c5ee36ffb46041dccb20e6461161adf69f843b43067b4a375de926a2cd669157e29a29578191def399dd5ef89a1b5203
  languageName: node
  linkType: hard

"resolve@patch:resolve@npm%3A^1.1.6#optional!builtin<compat/resolve>":
  version: 1.22.10
  resolution: "resolve@patch:resolve@npm%3A1.22.10#optional!builtin<compat/resolve>::version=1.22.10&hash=c3c19d"
  dependencies:
    is-core-module: "npm:^2.16.0"
    path-parse: "npm:^1.0.7"
    supports-preserve-symlinks-flag: "npm:^1.0.0"
  bin:
    resolve: bin/resolve
  checksum: 10c0/52a4e505bbfc7925ac8f4cd91fd8c4e096b6a89728b9f46861d3b405ac9a1ccf4dcbf8befb4e89a2e11370dacd0160918163885cbc669369590f2f31f4c58939
  languageName: node
  linkType: hard

"shelljs@npm:^0.8.4":
  version: 0.8.5
  resolution: "shelljs@npm:0.8.5"
  dependencies:
    glob: "npm:^7.0.0"
    interpret: "npm:^1.0.0"
    rechoir: "npm:^0.6.2"
  bin:
    shjs: bin/shjs
  checksum: 10c0/feb25289a12e4bcd04c40ddfab51aff98a3729f5c2602d5b1a1b95f6819ec7804ac8147ebd8d9a85dfab69d501bcf92d7acef03247320f51c1552cec8d8e2382
  languageName: node
  linkType: hard

"supports-preserve-symlinks-flag@npm:^1.0.0":
  version: 1.0.0
  resolution: "supports-preserve-symlinks-flag@npm:1.0.0"
  checksum: 10c0/6c4032340701a9950865f7ae8ef38578d8d7053f5e10518076e6554a9381fa91bd9c6850193695c141f32b21f979c985db07265a758867bac95de05f7d8aeb39
  languageName: node
  linkType: hard

"wrappy@npm:1":
  version: 1.0.2
  resolution: "wrappy@npm:1.0.2"
  checksum: 10c0/56fece1a4018c6a6c8e28fbc88c87e0fbf4ea8fd64fc6c63b18f4acc4bd13e0ad2515189786dd2c30d3eec9663d70f4ecf699330002f8ccb547e4a18231fc9f0
  languageName: node
  linkType: hard
